
Microsoft Visual Studio Solution File, Format Version 12.00
# Visual Studio 14
VisualStudioVersion = 14.0.25420.1
MinimumVisualStudioVersion = 10.0.40219.1
Project("{FAE04EC0-301F-11D3-BF4B-00C04F79EFBC}") = "WebApiDemo2", "WebApiDemo2\WebApiDemo2.csproj", "{9D88BCBC-EF5C-49E2-B724-5082134B5CA8}"
EndProject
Project("{FAE04EC0-301F-11D3-BF4B-00C04F79EFBC}") = "StringApi", "StringApi\StringApi.csproj", "{155E1095-0883-4B67-A965-A6C14CDD4F1C}"
EndProject
Project("{FAE04EC0-301F-11D3-BF4B-00C04F79EFBC}") = "ApiHouses", "ApiHouses\ApiHouses.csproj", "{8684D829-4B01-441A-A951-E1FF6E74DA22}"
EndProject
Project("{FAE04EC0-301F-11D3-BF4B-00C04F79EFBC}") = "HouseDemo", "..\..\..\..\Desktop\MVC Class Files\WebApiCs\Chap04\HouseDemo\Step1\HouseDemo\HouseDemo.csproj", "{6BB143FD-16E1-4D13-9399-E55D74BC297E}"
EndProject
Global
	GlobalSection(SolutionConfigurationPlatforms) = preSolution
		Debug|Any CPU = Debug|Any CPU
		Release|Any CPU = Release|Any CPU
	EndGlobalSection
	GlobalSection(ProjectConfigurationPlatforms) = postSolution
		{9D88BCBC-EF5C-49E2-B724-5082134B5CA8}.Debug|Any CPU.ActiveCfg = Debug|Any CPU
		{9D88BCBC-EF5C-49E2-B724-5082134B5CA8}.Debug|Any CPU.Build.0 = Debug|Any CPU
		{9D88BCBC-EF5C-49E2-B724-5082134B5CA8}.Release|Any CPU.ActiveCfg = Release|Any CPU
		{9D88BCBC-EF5C-49E2-B724-5082134B5CA8}.Release|Any CPU.Build.0 = Release|Any CPU
		{155E1095-0883-4B67-A965-A6C14CDD4F1C}.Debug|Any CPU.ActiveCfg = Debug|Any CPU
		{155E1095-0883-4B67-A965-A6C14CDD4F1C}.Debug|Any CPU.Build.0 = Debug|Any CPU
		{155E1095-0883-4B67-A965-A6C14CDD4F1C}.Release|Any CPU.ActiveCfg = Release|Any CPU
		{155E1095-0883-4B67-A965-A6C14CDD4F1C}.Release|Any CPU.Build.0 = Release|Any CPU
		{8684D829-4B01-441A-A951-E1FF6E74DA22}.Debug|Any CPU.ActiveCfg = Debug|Any CPU
		{8684D829-4B01-441A-A951-E1FF6E74DA22}.Debug|Any CPU.Build.0 = Debug|Any CPU
		{8684D829-4B01-441A-A951-E1FF6E74DA22}.Release|Any CPU.ActiveCfg = Release|Any CPU
		{8684D829-4B01-441A-A951-E1FF6E74DA22}.Release|Any CPU.Build.0 = Release|Any CPU
		{6BB143FD-16E1-4D13-9399-E55D74BC297E}.Debug|Any CPU.ActiveCfg = Debug|Any CPU
		{6BB143FD-16E1-4D13-9399-E55D74BC297E}.Debug|Any CPU.Build.0 = Debug|Any CPU
		{6BB143FD-16E1-4D13-9399-E55D74BC297E}.Release|Any CPU.ActiveCfg = Release|Any CPU
		{6BB143FD-16E1-4D13-9399-E55D74BC297E}.Release|Any CPU.Build.0 = Release|Any CPU
	EndGlobalSection
	GlobalSection(SolutionProperties) = preSolution
		HideSolutionNode = FALSE
	EndGlobalSection
EndGlobal
