
Microsoft Visual Studio Solution File, Format Version 12.00
# Visual Studio 14
VisualStudioVersion = 14.0.25420.1
MinimumVisualStudioVersion = 10.0.40219.1
Project("{FAE04EC0-301F-11D3-BF4B-00C04F79EFBC}") = "WebApiDemo2", "WebApiDemo2\WebApiDemo2.csproj", "{9D88BCBC-EF5C-49E2-B724-5082134B5CA8}"
EndProject
Project("{FAE04EC0-301F-11D3-BF4B-00C04F79EFBC}") = "StringApi", "StringApi\StringApi.csproj", "{155E1095-0883-4B67-A965-A6C14CDD4F1C}"
EndProject
Project("{FAE04EC0-301F-11D3-BF4B-00C04F79EFBC}") = "ApiHouses", "ApiHouses\ApiHouses.csproj", "{8684D829-4B01-441A-A951-E1FF6E74DA22}"
EndProject
Project("{FAE04EC0-301F-11D3-BF4B-00C04F79EFBC}") = "HouseDemo", "HouseDemo\HouseDemo.csproj", "{6BB143FD-16E1-4D13-9399-E55D74BC297E}"
EndProject
Project("{FAE04EC0-301F-11D3-BF4B-00C04F79EFBC}") = "ValidateHouse", "ValidateHouse\ValidateHouse.csproj", "{5E3ADA3A-340B-4523-BB38-276527A2D21D}"
EndProject
Project("{FAE04EC0-301F-11D3-BF4B-00C04F79EFBC}") = "ApiMortgage", "ApiMortgage\ApiMortgage.csproj", "{274B5190-488E-4E23-BE7C-A56B837C6BB7}"
EndProject
Project("{FAE04EC0-301F-11D3-BF4B-00C04F79EFBC}") = "StringApiClient", "StringApiClient\StringApiClient.csproj", "{D9CB4B4E-C10F-49AF-A74F-4004F2897C86}"
EndProject
Project("{FAE04EC0-301F-11D3-BF4B-00C04F79EFBC}") = "MvcStringApi", "MvcStringApi\MvcStringApi.csproj", "{FC01C06E-7F2A-483F-BDBC-1C7B6174B25D}"
EndProject
Project("{FAE04EC0-301F-11D3-BF4B-00C04F79EFBC}") = "BookStoreApp", "BookStoreApp\BookStoreApp.csproj", "{E086B78C-5EDD-4698-A808-76F8E8A98AF7}"
EndProject
Global
	GlobalSection(SolutionConfigurationPlatforms) = preSolution
		Debug|Any CPU = Debug|Any CPU
		Release|Any CPU = Release|Any CPU
	EndGlobalSection
	GlobalSection(ProjectConfigurationPlatforms) = postSolution
		{9D88BCBC-EF5C-49E2-B724-5082134B5CA8}.Debug|Any CPU.ActiveCfg = Debug|Any CPU
		{9D88BCBC-EF5C-49E2-B724-5082134B5CA8}.Debug|Any CPU.Build.0 = Debug|Any CPU
		{9D88BCBC-EF5C-49E2-B724-5082134B5CA8}.Release|Any CPU.ActiveCfg = Release|Any CPU
		{9D88BCBC-EF5C-49E2-B724-5082134B5CA8}.Release|Any CPU.Build.0 = Release|Any CPU
		{155E1095-0883-4B67-A965-A6C14CDD4F1C}.Debug|Any CPU.ActiveCfg = Debug|Any CPU
		{155E1095-0883-4B67-A965-A6C14CDD4F1C}.Debug|Any CPU.Build.0 = Debug|Any CPU
		{155E1095-0883-4B67-A965-A6C14CDD4F1C}.Release|Any CPU.ActiveCfg = Release|Any CPU
		{155E1095-0883-4B67-A965-A6C14CDD4F1C}.Release|Any CPU.Build.0 = Release|Any CPU
		{8684D829-4B01-441A-A951-E1FF6E74DA22}.Debug|Any CPU.ActiveCfg = Debug|Any CPU
		{8684D829-4B01-441A-A951-E1FF6E74DA22}.Debug|Any CPU.Build.0 = Debug|Any CPU
		{8684D829-4B01-441A-A951-E1FF6E74DA22}.Release|Any CPU.ActiveCfg = Release|Any CPU
		{8684D829-4B01-441A-A951-E1FF6E74DA22}.Release|Any CPU.Build.0 = Release|Any CPU
		{6BB143FD-16E1-4D13-9399-E55D74BC297E}.Debug|Any CPU.ActiveCfg = Debug|Any CPU
		{6BB143FD-16E1-4D13-9399-E55D74BC297E}.Debug|Any CPU.Build.0 = Debug|Any CPU
		{6BB143FD-16E1-4D13-9399-E55D74BC297E}.Release|Any CPU.ActiveCfg = Release|Any CPU
		{6BB143FD-16E1-4D13-9399-E55D74BC297E}.Release|Any CPU.Build.0 = Release|Any CPU
		{5E3ADA3A-340B-4523-BB38-276527A2D21D}.Debug|Any CPU.ActiveCfg = Debug|Any CPU
		{5E3ADA3A-340B-4523-BB38-276527A2D21D}.Debug|Any CPU.Build.0 = Debug|Any CPU
		{5E3ADA3A-340B-4523-BB38-276527A2D21D}.Release|Any CPU.ActiveCfg = Release|Any CPU
		{5E3ADA3A-340B-4523-BB38-276527A2D21D}.Release|Any CPU.Build.0 = Release|Any CPU
		{274B5190-488E-4E23-BE7C-A56B837C6BB7}.Debug|Any CPU.ActiveCfg = Debug|Any CPU
		{274B5190-488E-4E23-BE7C-A56B837C6BB7}.Debug|Any CPU.Build.0 = Debug|Any CPU
		{274B5190-488E-4E23-BE7C-A56B837C6BB7}.Release|Any CPU.ActiveCfg = Release|Any CPU
		{274B5190-488E-4E23-BE7C-A56B837C6BB7}.Release|Any CPU.Build.0 = Release|Any CPU
		{D9CB4B4E-C10F-49AF-A74F-4004F2897C86}.Debug|Any CPU.ActiveCfg = Debug|Any CPU
		{D9CB4B4E-C10F-49AF-A74F-4004F2897C86}.Debug|Any CPU.Build.0 = Debug|Any CPU
		{D9CB4B4E-C10F-49AF-A74F-4004F2897C86}.Release|Any CPU.ActiveCfg = Release|Any CPU
		{D9CB4B4E-C10F-49AF-A74F-4004F2897C86}.Release|Any CPU.Build.0 = Release|Any CPU
		{FC01C06E-7F2A-483F-BDBC-1C7B6174B25D}.Debug|Any CPU.ActiveCfg = Debug|Any CPU
		{FC01C06E-7F2A-483F-BDBC-1C7B6174B25D}.Debug|Any CPU.Build.0 = Debug|Any CPU
		{FC01C06E-7F2A-483F-BDBC-1C7B6174B25D}.Release|Any CPU.ActiveCfg = Release|Any CPU
		{FC01C06E-7F2A-483F-BDBC-1C7B6174B25D}.Release|Any CPU.Build.0 = Release|Any CPU
		{E086B78C-5EDD-4698-A808-76F8E8A98AF7}.Debug|Any CPU.ActiveCfg = Debug|Any CPU
		{E086B78C-5EDD-4698-A808-76F8E8A98AF7}.Debug|Any CPU.Build.0 = Debug|Any CPU
		{E086B78C-5EDD-4698-A808-76F8E8A98AF7}.Release|Any CPU.ActiveCfg = Release|Any CPU
		{E086B78C-5EDD-4698-A808-76F8E8A98AF7}.Release|Any CPU.Build.0 = Release|Any CPU
	EndGlobalSection
	GlobalSection(SolutionProperties) = preSolution
		HideSolutionNode = FALSE
	EndGlobalSection
EndGlobal
